
Microsoft Visual Studio Solution File, Format Version 12.00
# Visual Studio Version 16
VisualStudioVersion = 16.0.30907.101
MinimumVisualStudioVersion = 10.0.40219.1
Project("{FAE04EC0-301F-11D3-BF4B-00C04F79EFBC}") = "conversionTypes", "conversionTypes\conversionTypes.csproj", "{DB65EDAD-E128-4C95-A787-F37CD5FC172C}"
EndProject
Global
	GlobalSection(SolutionConfigurationPlatforms) = preSolution
		Debug|Any CPU = Debug|Any CPU
		Release|Any CPU = Release|Any CPU
	EndGlobalSection
	GlobalSection(ProjectConfigurationPlatforms) = postSolution
		{DB65EDAD-E128-4C95-A787-F37CD5FC172C}.Debug|Any CPU.ActiveCfg = Debug|Any CPU
		{DB65EDAD-E128-4C95-A787-F37CD5FC172C}.Debug|Any CPU.Build.0 = Debug|Any CPU
		{DB65EDAD-E128-4C95-A787-F37CD5FC172C}.Release|Any CPU.ActiveCfg = Release|Any CPU
		{DB65EDAD-E128-4C95-A787-F37CD5FC172C}.Release|Any CPU.Build.0 = Release|Any CPU
	EndGlobalSection
	GlobalSection(SolutionProperties) = preSolution
		HideSolutionNode = FALSE
	EndGlobalSection
	GlobalSection(ExtensibilityGlobals) = postSolution
		SolutionGuid = {E2B94972-83B0-4C8B-A09E-7F537ABE8E66}
	EndGlobalSection
EndGlobal
