
Microsoft Visual Studio Solution File, Format Version 12.00
# Visual Studio Version 16
VisualStudioVersion = 16.0.30907.101
MinimumVisualStudioVersion = 10.0.40219.1
Project("{FAE04EC0-301F-11D3-BF4B-00C04F79EFBC}") = "ex01", "ex01\ex01.csproj", "{F734FF49-8AFD-4889-8DE9-B2C5864CEFFF}"
EndProject
Global
	GlobalSection(SolutionConfigurationPlatforms) = preSolution
		Debug|Any CPU = Debug|Any CPU
		Release|Any CPU = Release|Any CPU
	EndGlobalSection
	GlobalSection(ProjectConfigurationPlatforms) = postSolution
		{F734FF49-8AFD-4889-8DE9-B2C5864CEFFF}.Debug|Any CPU.ActiveCfg = Debug|Any CPU
		{F734FF49-8AFD-4889-8DE9-B2C5864CEFFF}.Debug|Any CPU.Build.0 = Debug|Any CPU
		{F734FF49-8AFD-4889-8DE9-B2C5864CEFFF}.Release|Any CPU.ActiveCfg = Release|Any CPU
		{F734FF49-8AFD-4889-8DE9-B2C5864CEFFF}.Release|Any CPU.Build.0 = Release|Any CPU
	EndGlobalSection
	GlobalSection(SolutionProperties) = preSolution
		HideSolutionNode = FALSE
	EndGlobalSection
	GlobalSection(ExtensibilityGlobals) = postSolution
		SolutionGuid = {EC8BAEF6-A739-4740-8562-770B0234DE8F}
	EndGlobalSection
EndGlobal
