
Microsoft Visual Studio Solution File, Format Version 12.00
# Visual Studio Version 16
VisualStudioVersion = 16.0.30907.101
MinimumVisualStudioVersion = 10.0.40219.1
Project("{FAE04EC0-301F-11D3-BF4B-00C04F79EFBC}") = "dataInput", "dataInput\dataInput.csproj", "{C47410AC-8705-447E-A546-2A0BF385EE11}"
EndProject
Global
	GlobalSection(SolutionConfigurationPlatforms) = preSolution
		Debug|Any CPU = Debug|Any CPU
		Release|Any CPU = Release|Any CPU
	EndGlobalSection
	GlobalSection(ProjectConfigurationPlatforms) = postSolution
		{C47410AC-8705-447E-A546-2A0BF385EE11}.Debug|Any CPU.ActiveCfg = Debug|Any CPU
		{C47410AC-8705-447E-A546-2A0BF385EE11}.Debug|Any CPU.Build.0 = Debug|Any CPU
		{C47410AC-8705-447E-A546-2A0BF385EE11}.Release|Any CPU.ActiveCfg = Release|Any CPU
		{C47410AC-8705-447E-A546-2A0BF385EE11}.Release|Any CPU.Build.0 = Release|Any CPU
	EndGlobalSection
	GlobalSection(SolutionProperties) = preSolution
		HideSolutionNode = FALSE
	EndGlobalSection
	GlobalSection(ExtensibilityGlobals) = postSolution
		SolutionGuid = {5235C495-9CAD-4FCB-93A0-3DCFB2AD49D5}
	EndGlobalSection
EndGlobal
