
Microsoft Visual Studio Solution File, Format Version 12.00
# Visual Studio Version 16
VisualStudioVersion = 16.0.30907.101
MinimumVisualStudioVersion = 10.0.40219.1
Project("{FAE04EC0-301F-11D3-BF4B-00C04F79EFBC}") = "ex07", "ex07\ex07.csproj", "{B3478AB8-A6E1-42E7-8D01-CFE3EDBEA1B3}"
EndProject
Global
	GlobalSection(SolutionConfigurationPlatforms) = preSolution
		Debug|Any CPU = Debug|Any CPU
		Release|Any CPU = Release|Any CPU
	EndGlobalSection
	GlobalSection(ProjectConfigurationPlatforms) = postSolution
		{B3478AB8-A6E1-42E7-8D01-CFE3EDBEA1B3}.Debug|Any CPU.ActiveCfg = Debug|Any CPU
		{B3478AB8-A6E1-42E7-8D01-CFE3EDBEA1B3}.Debug|Any CPU.Build.0 = Debug|Any CPU
		{B3478AB8-A6E1-42E7-8D01-CFE3EDBEA1B3}.Release|Any CPU.ActiveCfg = Release|Any CPU
		{B3478AB8-A6E1-42E7-8D01-CFE3EDBEA1B3}.Release|Any CPU.Build.0 = Release|Any CPU
	EndGlobalSection
	GlobalSection(SolutionProperties) = preSolution
		HideSolutionNode = FALSE
	EndGlobalSection
	GlobalSection(ExtensibilityGlobals) = postSolution
		SolutionGuid = {9BF2B676-19B8-4C11-AA59-39D86A579321}
	EndGlobalSection
EndGlobal
