
Microsoft Visual Studio Solution File, Format Version 12.00
# Visual Studio Version 16
VisualStudioVersion = 16.0.30907.101
MinimumVisualStudioVersion = 10.0.40219.1
Project("{FAE04EC0-301F-11D3-BF4B-00C04F79EFBC}") = "ex05", "ex05\ex05.csproj", "{A0831325-E249-452F-8265-76D4D22CCCC4}"
EndProject
Global
	GlobalSection(SolutionConfigurationPlatforms) = preSolution
		Debug|Any CPU = Debug|Any CPU
		Release|Any CPU = Release|Any CPU
	EndGlobalSection
	GlobalSection(ProjectConfigurationPlatforms) = postSolution
		{A0831325-E249-452F-8265-76D4D22CCCC4}.Debug|Any CPU.ActiveCfg = Debug|Any CPU
		{A0831325-E249-452F-8265-76D4D22CCCC4}.Debug|Any CPU.Build.0 = Debug|Any CPU
		{A0831325-E249-452F-8265-76D4D22CCCC4}.Release|Any CPU.ActiveCfg = Release|Any CPU
		{A0831325-E249-452F-8265-76D4D22CCCC4}.Release|Any CPU.Build.0 = Release|Any CPU
	EndGlobalSection
	GlobalSection(SolutionProperties) = preSolution
		HideSolutionNode = FALSE
	EndGlobalSection
	GlobalSection(ExtensibilityGlobals) = postSolution
		SolutionGuid = {695539CE-B50B-44B8-B1CE-948E40E266BC}
	EndGlobalSection
EndGlobal
