
Microsoft Visual Studio Solution File, Format Version 12.00
# Visual Studio Version 16
VisualStudioVersion = 16.0.30907.101
MinimumVisualStudioVersion = 10.0.40219.1
Project("{FAE04EC0-301F-11D3-BF4B-00C04F79EFBC}") = "ex16", "ex16\ex16.csproj", "{022A5F09-3E57-440F-B4A0-2C2F8EF6E67D}"
EndProject
Global
	GlobalSection(SolutionConfigurationPlatforms) = preSolution
		Debug|Any CPU = Debug|Any CPU
		Release|Any CPU = Release|Any CPU
	EndGlobalSection
	GlobalSection(ProjectConfigurationPlatforms) = postSolution
		{022A5F09-3E57-440F-B4A0-2C2F8EF6E67D}.Debug|Any CPU.ActiveCfg = Debug|Any CPU
		{022A5F09-3E57-440F-B4A0-2C2F8EF6E67D}.Debug|Any CPU.Build.0 = Debug|Any CPU
		{022A5F09-3E57-440F-B4A0-2C2F8EF6E67D}.Release|Any CPU.ActiveCfg = Release|Any CPU
		{022A5F09-3E57-440F-B4A0-2C2F8EF6E67D}.Release|Any CPU.Build.0 = Release|Any CPU
	EndGlobalSection
	GlobalSection(SolutionProperties) = preSolution
		HideSolutionNode = FALSE
	EndGlobalSection
	GlobalSection(ExtensibilityGlobals) = postSolution
		SolutionGuid = {7DCD23A6-C827-49FC-A2F6-CDB1727733C2}
	EndGlobalSection
EndGlobal
