
Microsoft Visual Studio Solution File, Format Version 12.00
# Visual Studio Version 16
VisualStudioVersion = 16.0.30907.101
MinimumVisualStudioVersion = 10.0.40219.1
Project("{FAE04EC0-301F-11D3-BF4B-00C04F79EFBC}") = "arithmeticOperators", "arithmeticOperators\arithmeticOperators.csproj", "{996744E6-B9DF-4509-849B-807DA19CBE02}"
EndProject
Global
	GlobalSection(SolutionConfigurationPlatforms) = preSolution
		Debug|Any CPU = Debug|Any CPU
		Release|Any CPU = Release|Any CPU
	EndGlobalSection
	GlobalSection(ProjectConfigurationPlatforms) = postSolution
		{996744E6-B9DF-4509-849B-807DA19CBE02}.Debug|Any CPU.ActiveCfg = Debug|Any CPU
		{996744E6-B9DF-4509-849B-807DA19CBE02}.Debug|Any CPU.Build.0 = Debug|Any CPU
		{996744E6-B9DF-4509-849B-807DA19CBE02}.Release|Any CPU.ActiveCfg = Release|Any CPU
		{996744E6-B9DF-4509-849B-807DA19CBE02}.Release|Any CPU.Build.0 = Release|Any CPU
	EndGlobalSection
	GlobalSection(SolutionProperties) = preSolution
		HideSolutionNode = FALSE
	EndGlobalSection
	GlobalSection(ExtensibilityGlobals) = postSolution
		SolutionGuid = {4027415D-8528-4732-9750-2AAC89D11116}
	EndGlobalSection
EndGlobal
