
Microsoft Visual Studio Solution File, Format Version 12.00
# Visual Studio Version 16
VisualStudioVersion = 16.0.30907.101
MinimumVisualStudioVersion = 10.0.40219.1
Project("{FAE04EC0-301F-11D3-BF4B-00C04F79EFBC}") = "ex01", "ex01\ex01.csproj", "{55E0C066-BBA9-4D27-85D2-6B07A1292A80}"
EndProject
Global
	GlobalSection(SolutionConfigurationPlatforms) = preSolution
		Debug|Any CPU = Debug|Any CPU
		Release|Any CPU = Release|Any CPU
	EndGlobalSection
	GlobalSection(ProjectConfigurationPlatforms) = postSolution
		{55E0C066-BBA9-4D27-85D2-6B07A1292A80}.Debug|Any CPU.ActiveCfg = Debug|Any CPU
		{55E0C066-BBA9-4D27-85D2-6B07A1292A80}.Debug|Any CPU.Build.0 = Debug|Any CPU
		{55E0C066-BBA9-4D27-85D2-6B07A1292A80}.Release|Any CPU.ActiveCfg = Release|Any CPU
		{55E0C066-BBA9-4D27-85D2-6B07A1292A80}.Release|Any CPU.Build.0 = Release|Any CPU
	EndGlobalSection
	GlobalSection(SolutionProperties) = preSolution
		HideSolutionNode = FALSE
	EndGlobalSection
	GlobalSection(ExtensibilityGlobals) = postSolution
		SolutionGuid = {37EFE2F8-69BD-4C76-B935-C8DBA12193E0}
	EndGlobalSection
EndGlobal
