
Microsoft Visual Studio Solution File, Format Version 12.00
# Visual Studio Version 16
VisualStudioVersion = 16.0.30907.101
MinimumVisualStudioVersion = 10.0.40219.1
Project("{FAE04EC0-301F-11D3-BF4B-00C04F79EFBC}") = "repetitionStructureFor", "repetitionStructureFor\repetitionStructureFor.csproj", "{A082B6CD-995A-4FE9-8B99-CB8F58A19D07}"
EndProject
Global
	GlobalSection(SolutionConfigurationPlatforms) = preSolution
		Debug|Any CPU = Debug|Any CPU
		Release|Any CPU = Release|Any CPU
	EndGlobalSection
	GlobalSection(ProjectConfigurationPlatforms) = postSolution
		{A082B6CD-995A-4FE9-8B99-CB8F58A19D07}.Debug|Any CPU.ActiveCfg = Debug|Any CPU
		{A082B6CD-995A-4FE9-8B99-CB8F58A19D07}.Debug|Any CPU.Build.0 = Debug|Any CPU
		{A082B6CD-995A-4FE9-8B99-CB8F58A19D07}.Release|Any CPU.ActiveCfg = Release|Any CPU
		{A082B6CD-995A-4FE9-8B99-CB8F58A19D07}.Release|Any CPU.Build.0 = Release|Any CPU
	EndGlobalSection
	GlobalSection(SolutionProperties) = preSolution
		HideSolutionNode = FALSE
	EndGlobalSection
	GlobalSection(ExtensibilityGlobals) = postSolution
		SolutionGuid = {15A3AEEE-3524-42A1-9DE0-B4D63A7DC7AC}
	EndGlobalSection
EndGlobal
