
Microsoft Visual Studio Solution File, Format Version 12.00
# Visual Studio Version 16
VisualStudioVersion = 16.0.30907.101
MinimumVisualStudioVersion = 10.0.40219.1
Project("{FAE04EC0-301F-11D3-BF4B-00C04F79EFBC}") = "ex14", "ex14\ex14.csproj", "{CB160228-835A-47F2-AC09-43C4B21B4308}"
EndProject
Global
	GlobalSection(SolutionConfigurationPlatforms) = preSolution
		Debug|Any CPU = Debug|Any CPU
		Release|Any CPU = Release|Any CPU
	EndGlobalSection
	GlobalSection(ProjectConfigurationPlatforms) = postSolution
		{CB160228-835A-47F2-AC09-43C4B21B4308}.Debug|Any CPU.ActiveCfg = Debug|Any CPU
		{CB160228-835A-47F2-AC09-43C4B21B4308}.Debug|Any CPU.Build.0 = Debug|Any CPU
		{CB160228-835A-47F2-AC09-43C4B21B4308}.Release|Any CPU.ActiveCfg = Release|Any CPU
		{CB160228-835A-47F2-AC09-43C4B21B4308}.Release|Any CPU.Build.0 = Release|Any CPU
	EndGlobalSection
	GlobalSection(SolutionProperties) = preSolution
		HideSolutionNode = FALSE
	EndGlobalSection
	GlobalSection(ExtensibilityGlobals) = postSolution
		SolutionGuid = {80E27B0A-8660-4823-BF84-B92DE5648111}
	EndGlobalSection
EndGlobal
