
Microsoft Visual Studio Solution File, Format Version 12.00
# Visual Studio Version 16
VisualStudioVersion = 16.0.30907.101
MinimumVisualStudioVersion = 10.0.40219.1
Project("{FAE04EC0-301F-11D3-BF4B-00C04F79EFBC}") = "Function", "Function\Function.csproj", "{0E151124-6C9C-4ED1-B203-A0782142D253}"
EndProject
Global
	GlobalSection(SolutionConfigurationPlatforms) = preSolution
		Debug|Any CPU = Debug|Any CPU
		Release|Any CPU = Release|Any CPU
	EndGlobalSection
	GlobalSection(ProjectConfigurationPlatforms) = postSolution
		{0E151124-6C9C-4ED1-B203-A0782142D253}.Debug|Any CPU.ActiveCfg = Debug|Any CPU
		{0E151124-6C9C-4ED1-B203-A0782142D253}.Debug|Any CPU.Build.0 = Debug|Any CPU
		{0E151124-6C9C-4ED1-B203-A0782142D253}.Release|Any CPU.ActiveCfg = Release|Any CPU
		{0E151124-6C9C-4ED1-B203-A0782142D253}.Release|Any CPU.Build.0 = Release|Any CPU
	EndGlobalSection
	GlobalSection(SolutionProperties) = preSolution
		HideSolutionNode = FALSE
	EndGlobalSection
	GlobalSection(ExtensibilityGlobals) = postSolution
		SolutionGuid = {687AB59E-4828-4B92-B6D9-5E66A3C4F39A}
	EndGlobalSection
EndGlobal
