
Microsoft Visual Studio Solution File, Format Version 12.00
# Visual Studio Version 16
VisualStudioVersion = 16.0.30907.101
MinimumVisualStudioVersion = 10.0.40219.1
Project("{FAE04EC0-301F-11D3-BF4B-00C04F79EFBC}") = "ex09", "ex09\ex09.csproj", "{C8D5F720-D0E9-4C55-881C-10D34AD5DEA3}"
EndProject
Global
	GlobalSection(SolutionConfigurationPlatforms) = preSolution
		Debug|Any CPU = Debug|Any CPU
		Release|Any CPU = Release|Any CPU
	EndGlobalSection
	GlobalSection(ProjectConfigurationPlatforms) = postSolution
		{C8D5F720-D0E9-4C55-881C-10D34AD5DEA3}.Debug|Any CPU.ActiveCfg = Debug|Any CPU
		{C8D5F720-D0E9-4C55-881C-10D34AD5DEA3}.Debug|Any CPU.Build.0 = Debug|Any CPU
		{C8D5F720-D0E9-4C55-881C-10D34AD5DEA3}.Release|Any CPU.ActiveCfg = Release|Any CPU
		{C8D5F720-D0E9-4C55-881C-10D34AD5DEA3}.Release|Any CPU.Build.0 = Release|Any CPU
	EndGlobalSection
	GlobalSection(SolutionProperties) = preSolution
		HideSolutionNode = FALSE
	EndGlobalSection
	GlobalSection(ExtensibilityGlobals) = postSolution
		SolutionGuid = {F9FD5C40-6550-4893-8E2C-2F5C92370180}
	EndGlobalSection
EndGlobal
