
Microsoft Visual Studio Solution File, Format Version 12.00
# Visual Studio Version 16
VisualStudioVersion = 16.0.30907.101
MinimumVisualStudioVersion = 10.0.40219.1
Project("{FAE04EC0-301F-11D3-BF4B-00C04F79EFBC}") = "conditionalStructure", "conditionalStructure\conditionalStructure.csproj", "{D5B52DD9-7013-49C9-B76B-822D22067209}"
EndProject
Global
	GlobalSection(SolutionConfigurationPlatforms) = preSolution
		Debug|Any CPU = Debug|Any CPU
		Release|Any CPU = Release|Any CPU
	EndGlobalSection
	GlobalSection(ProjectConfigurationPlatforms) = postSolution
		{D5B52DD9-7013-49C9-B76B-822D22067209}.Debug|Any CPU.ActiveCfg = Debug|Any CPU
		{D5B52DD9-7013-49C9-B76B-822D22067209}.Debug|Any CPU.Build.0 = Debug|Any CPU
		{D5B52DD9-7013-49C9-B76B-822D22067209}.Release|Any CPU.ActiveCfg = Release|Any CPU
		{D5B52DD9-7013-49C9-B76B-822D22067209}.Release|Any CPU.Build.0 = Release|Any CPU
	EndGlobalSection
	GlobalSection(SolutionProperties) = preSolution
		HideSolutionNode = FALSE
	EndGlobalSection
	GlobalSection(ExtensibilityGlobals) = postSolution
		SolutionGuid = {69EB9519-1410-457E-B38C-F3E5BAC59EF4}
	EndGlobalSection
EndGlobal
