
Microsoft Visual Studio Solution File, Format Version 12.00
# Visual Studio Version 16
VisualStudioVersion = 16.0.30907.101
MinimumVisualStudioVersion = 10.0.40219.1
Project("{FAE04EC0-301F-11D3-BF4B-00C04F79EFBC}") = "ex19", "ex19\ex19.csproj", "{F9574587-3269-4A83-9E2C-F02062FE3A3E}"
EndProject
Global
	GlobalSection(SolutionConfigurationPlatforms) = preSolution
		Debug|Any CPU = Debug|Any CPU
		Release|Any CPU = Release|Any CPU
	EndGlobalSection
	GlobalSection(ProjectConfigurationPlatforms) = postSolution
		{F9574587-3269-4A83-9E2C-F02062FE3A3E}.Debug|Any CPU.ActiveCfg = Debug|Any CPU
		{F9574587-3269-4A83-9E2C-F02062FE3A3E}.Debug|Any CPU.Build.0 = Debug|Any CPU
		{F9574587-3269-4A83-9E2C-F02062FE3A3E}.Release|Any CPU.ActiveCfg = Release|Any CPU
		{F9574587-3269-4A83-9E2C-F02062FE3A3E}.Release|Any CPU.Build.0 = Release|Any CPU
	EndGlobalSection
	GlobalSection(SolutionProperties) = preSolution
		HideSolutionNode = FALSE
	EndGlobalSection
	GlobalSection(ExtensibilityGlobals) = postSolution
		SolutionGuid = {7B2800C4-290B-4D3E-AACA-51FC53FD0430}
	EndGlobalSection
EndGlobal
